
Microsoft Visual Studio Solution File, Format Version 12.00
# Visual Studio Version 16
VisualStudioVersion = 16.0.31105.61
MinimumVisualStudioVersion = 10.0.40219.1
Project("{8BC9CEB8-8B4A-11D0-8D11-00A0C91BC942}") = "Pacman", "Pacman\Pacman.vcxproj", "{841BE521-B610-4C23-953E-F002F822B445}"
EndProject
Project("{2150E333-8FDC-42A3-9474-1A3956D46DE8}") = "Solution Items", "Solution Items", "{EAB75257-9F59-4A2D-88FB-BEE31C96D7F6}"
	ProjectSection(SolutionItems) = preProject
		README.md = README.md
	EndProjectSection
EndProject
Global
	GlobalSection(SolutionConfigurationPlatforms) = preSolution
		Debug|Win32 = Debug|Win32
		Debug|x64 = Debug|x64
		Release|Win32 = Release|Win32
		Release|x64 = Release|x64
	EndGlobalSection
	GlobalSection(ProjectConfigurationPlatforms) = postSolution
		{841BE521-B610-4C23-953E-F002F822B445}.Debug|Win32.ActiveCfg = Debug|Win32
		{841BE521-B610-4C23-953E-F002F822B445}.Debug|Win32.Build.0 = Debug|Win32
		{841BE521-B610-4C23-953E-F002F822B445}.Debug|x64.ActiveCfg = Debug|x64
		{841BE521-B610-4C23-953E-F002F822B445}.Debug|x64.Build.0 = Debug|x64
		{841BE521-B610-4C23-953E-F002F822B445}.Release|Win32.ActiveCfg = Release|Win32
		{841BE521-B610-4C23-953E-F002F822B445}.Release|Win32.Build.0 = Release|Win32
		{841BE521-B610-4C23-953E-F002F822B445}.Release|x64.ActiveCfg = Release|x64
		{841BE521-B610-4C23-953E-F002F822B445}.Release|x64.Build.0 = Release|x64
	EndGlobalSection
	GlobalSection(SolutionProperties) = preSolution
		HideSolutionNode = FALSE
	EndGlobalSection
	GlobalSection(ExtensibilityGlobals) = postSolution
		SolutionGuid = {1E19B1AC-61CD-4138-B60E-5944B2EDEE98}
	EndGlobalSection
EndGlobal
